
Microsoft Visual Studio Solution File, Format Version 12.00
# Visual Studio Version 17
VisualStudioVersion = 17.3.32929.385
MinimumVisualStudioVersion = 10.0.40219.1
Project("{FAE04EC0-301F-11D3-BF4B-00C04F79EFBC}") = "RecipeProject_CSharp", "RecipeProject_CSharp\RecipeProject_CSharp.csproj", "{D04A57D9-4E8D-4268-AFB5-D14C80395B36}"
EndProject
Global
	GlobalSection(SolutionConfigurationPlatforms) = preSolution
		Debug|Any CPU = Debug|Any CPU
		Release|Any CPU = Release|Any CPU
	EndGlobalSection
	GlobalSection(ProjectConfigurationPlatforms) = postSolution
		{D04A57D9-4E8D-4268-AFB5-D14C80395B36}.Debug|Any CPU.ActiveCfg = Debug|Any CPU
		{D04A57D9-4E8D-4268-AFB5-D14C80395B36}.Debug|Any CPU.Build.0 = Debug|Any CPU
		{D04A57D9-4E8D-4268-AFB5-D14C80395B36}.Release|Any CPU.ActiveCfg = Release|Any CPU
		{D04A57D9-4E8D-4268-AFB5-D14C80395B36}.Release|Any CPU.Build.0 = Release|Any CPU
	EndGlobalSection
	GlobalSection(SolutionProperties) = preSolution
		HideSolutionNode = FALSE
	EndGlobalSection
	GlobalSection(ExtensibilityGlobals) = postSolution
		SolutionGuid = {BBE5FECC-4A7A-414D-B175-7EE77B8C1E1B}
	EndGlobalSection
EndGlobal
